
Microsoft Visual Studio Solution File, Format Version 12.00
# Visual Studio Version 17
VisualStudioVersion = 17.11.35327.3
MinimumVisualStudioVersion = 10.0.40219.1
Project("{FAE04EC0-301F-11D3-BF4B-00C04F79EFBC}") = "API", "API\API.csproj", "{B35BE205-39F3-4B45-9F32-F2FE32BDD30C}"
	ProjectSection(ProjectDependencies) = postProject
		{8EB1A74B-953D-448E-9207-78FE040DEFD3} = {8EB1A74B-953D-448E-9207-78FE040DEFD3}
	EndProjectSection
EndProject
Project("{FAE04EC0-301F-11D3-BF4B-00C04F79EFBC}") = "Core", "Core\Core.csproj", "{3792EA12-690B-4142-A807-4395265583BB}"
EndProject
Project("{FAE04EC0-301F-11D3-BF4B-00C04F79EFBC}") = "Infrastructure", "Infrastructure\Infrastructure.csproj", "{8EB1A74B-953D-448E-9207-78FE040DEFD3}"
	ProjectSection(ProjectDependencies) = postProject
		{3792EA12-690B-4142-A807-4395265583BB} = {3792EA12-690B-4142-A807-4395265583BB}
	EndProjectSection
EndProject
Global
	GlobalSection(SolutionConfigurationPlatforms) = preSolution
		Debug|Any CPU = Debug|Any CPU
		Release|Any CPU = Release|Any CPU
	EndGlobalSection
	GlobalSection(ProjectConfigurationPlatforms) = postSolution
		{B35BE205-39F3-4B45-9F32-F2FE32BDD30C}.Debug|Any CPU.ActiveCfg = Debug|Any CPU
		{B35BE205-39F3-4B45-9F32-F2FE32BDD30C}.Debug|Any CPU.Build.0 = Debug|Any CPU
		{B35BE205-39F3-4B45-9F32-F2FE32BDD30C}.Release|Any CPU.ActiveCfg = Release|Any CPU
		{B35BE205-39F3-4B45-9F32-F2FE32BDD30C}.Release|Any CPU.Build.0 = Release|Any CPU
		{3792EA12-690B-4142-A807-4395265583BB}.Debug|Any CPU.ActiveCfg = Debug|Any CPU
		{3792EA12-690B-4142-A807-4395265583BB}.Debug|Any CPU.Build.0 = Debug|Any CPU
		{3792EA12-690B-4142-A807-4395265583BB}.Release|Any CPU.ActiveCfg = Release|Any CPU
		{3792EA12-690B-4142-A807-4395265583BB}.Release|Any CPU.Build.0 = Release|Any CPU
		{8EB1A74B-953D-448E-9207-78FE040DEFD3}.Debug|Any CPU.ActiveCfg = Debug|Any CPU
		{8EB1A74B-953D-448E-9207-78FE040DEFD3}.Debug|Any CPU.Build.0 = Debug|Any CPU
		{8EB1A74B-953D-448E-9207-78FE040DEFD3}.Release|Any CPU.ActiveCfg = Release|Any CPU
		{8EB1A74B-953D-448E-9207-78FE040DEFD3}.Release|Any CPU.Build.0 = Release|Any CPU
	EndGlobalSection
	GlobalSection(SolutionProperties) = preSolution
		HideSolutionNode = FALSE
	EndGlobalSection
	GlobalSection(ExtensibilityGlobals) = postSolution
		SolutionGuid = {81C6F62E-9337-4EB5-8B8B-17DC69E9D639}
	EndGlobalSection
EndGlobal
